
Microsoft Visual Studio Solution File, Format Version 12.00
# Visual Studio Version 17
VisualStudioVersion = 17.13.35919.96 d17.13
MinimumVisualStudioVersion = 10.0.40219.1
Project("{FAE04EC0-301F-11D3-BF4B-00C04F79EFBC}") = "PetSharp.API", "PetSharp.API\PetSharp.API.csproj", "{63C8F9E9-B0D2-4B59-A02B-48FF7BFFDA64}"
EndProject
Project("{FAE04EC0-301F-11D3-BF4B-00C04F79EFBC}") = "PetSharp.communication", "PetSharp.communication\PetSharp.communication.csproj", "{09A648D3-8CDF-4618-8304-EDCDD1E15204}"
EndProject
Global
	GlobalSection(SolutionConfigurationPlatforms) = preSolution
		Debug|Any CPU = Debug|Any CPU
		Release|Any CPU = Release|Any CPU
	EndGlobalSection
	GlobalSection(ProjectConfigurationPlatforms) = postSolution
		{63C8F9E9-B0D2-4B59-A02B-48FF7BFFDA64}.Debug|Any CPU.ActiveCfg = Debug|Any CPU
		{63C8F9E9-B0D2-4B59-A02B-48FF7BFFDA64}.Debug|Any CPU.Build.0 = Debug|Any CPU
		{63C8F9E9-B0D2-4B59-A02B-48FF7BFFDA64}.Release|Any CPU.ActiveCfg = Release|Any CPU
		{63C8F9E9-B0D2-4B59-A02B-48FF7BFFDA64}.Release|Any CPU.Build.0 = Release|Any CPU
		{09A648D3-8CDF-4618-8304-EDCDD1E15204}.Debug|Any CPU.ActiveCfg = Debug|Any CPU
		{09A648D3-8CDF-4618-8304-EDCDD1E15204}.Debug|Any CPU.Build.0 = Debug|Any CPU
		{09A648D3-8CDF-4618-8304-EDCDD1E15204}.Release|Any CPU.ActiveCfg = Release|Any CPU
		{09A648D3-8CDF-4618-8304-EDCDD1E15204}.Release|Any CPU.Build.0 = Release|Any CPU
	EndGlobalSection
	GlobalSection(SolutionProperties) = preSolution
		HideSolutionNode = FALSE
	EndGlobalSection
	GlobalSection(ExtensibilityGlobals) = postSolution
		SolutionGuid = {ECC57E91-FB5B-4D04-A97F-8663A78C6E1D}
	EndGlobalSection
EndGlobal
